
Microsoft Visual Studio Solution File, Format Version 12.00
# Visual Studio Version 17
VisualStudioVersion = 17.4.33205.214
MinimumVisualStudioVersion = 10.0.40219.1
Project("{FAE04EC0-301F-11D3-BF4B-00C04F79EFBC}") = "RockPaperScissors", "RockPaperScissors\RockPaperScissors.csproj", "{5F671019-5319-4CEC-A595-F609F3DA89F5}"
EndProject
Global
	GlobalSection(SolutionConfigurationPlatforms) = preSolution
		Debug|Any CPU = Debug|Any CPU
		Release|Any CPU = Release|Any CPU
	EndGlobalSection
	GlobalSection(ProjectConfigurationPlatforms) = postSolution
		{5F671019-5319-4CEC-A595-F609F3DA89F5}.Debug|Any CPU.ActiveCfg = Debug|Any CPU
		{5F671019-5319-4CEC-A595-F609F3DA89F5}.Debug|Any CPU.Build.0 = Debug|Any CPU
		{5F671019-5319-4CEC-A595-F609F3DA89F5}.Release|Any CPU.ActiveCfg = Release|Any CPU
		{5F671019-5319-4CEC-A595-F609F3DA89F5}.Release|Any CPU.Build.0 = Release|Any CPU
	EndGlobalSection
	GlobalSection(SolutionProperties) = preSolution
		HideSolutionNode = FALSE
	EndGlobalSection
	GlobalSection(ExtensibilityGlobals) = postSolution
		SolutionGuid = {2E35203E-F2D0-4543-87B1-F09928D91467}
	EndGlobalSection
EndGlobal
